
Microsoft Visual Studio Solution File, Format Version 12.00
# Visual Studio 15
VisualStudioVersion = 15.0.25916.0
MinimumVisualStudioVersion = 10.0.40219.1
Project("{FAE04EC0-301F-11D3-BF4B-00C04F79EFBC}") = "ClassLibrary1", "ClassLibrary1\ClassLibrary1.csproj", "{307E1D36-119E-42D3-88DE-E35754F2BBDF}"
EndProject
Project("{FAE04EC0-301F-11D3-BF4B-00C04F79EFBC}") = "ConsoleApp1", "ConsoleApp1\ConsoleApp1.csproj", "{CDF8C024-2916-432F-B06D-5F2B1DE79A35}"
EndProject
Global
	GlobalSection(SolutionConfigurationPlatforms) = preSolution
		Debug|Any CPU = Debug|Any CPU
		Release|Any CPU = Release|Any CPU
	EndGlobalSection
	GlobalSection(ProjectConfigurationPlatforms) = postSolution
		{307E1D36-119E-42D3-88DE-E35754F2BBDF}.Debug|Any CPU.ActiveCfg = Debug|Any CPU
		{307E1D36-119E-42D3-88DE-E35754F2BBDF}.Debug|Any CPU.Build.0 = Debug|Any CPU
		{307E1D36-119E-42D3-88DE-E35754F2BBDF}.Release|Any CPU.ActiveCfg = Release|Any CPU
		{307E1D36-119E-42D3-88DE-E35754F2BBDF}.Release|Any CPU.Build.0 = Release|Any CPU
		{CDF8C024-2916-432F-B06D-5F2B1DE79A35}.Debug|Any CPU.ActiveCfg = Debug|Any CPU
		{CDF8C024-2916-432F-B06D-5F2B1DE79A35}.Debug|Any CPU.Build.0 = Debug|Any CPU
		{CDF8C024-2916-432F-B06D-5F2B1DE79A35}.Release|Any CPU.ActiveCfg = Release|Any CPU
		{CDF8C024-2916-432F-B06D-5F2B1DE79A35}.Release|Any CPU.Build.0 = Release|Any CPU
	EndGlobalSection
	GlobalSection(SolutionProperties) = preSolution
		HideSolutionNode = FALSE
	EndGlobalSection
EndGlobal
